
Microsoft Visual Studio Solution File, Format Version 12.00
# Visual Studio Version 16
VisualStudioVersion = 16.0.31702.278
MinimumVisualStudioVersion = 10.0.40219.1
Project("{FAE04EC0-301F-11D3-BF4B-00C04F79EFBC}") = "LabBigSchool_CuDucHiep", "LabBigSchool_CuDucHiep\LabBigSchool_CuDucHiep.csproj", "{763918C6-4F68-455F-B601-106BDD008A3F}"
EndProject
Global
	GlobalSection(SolutionConfigurationPlatforms) = preSolution
		Debug|Any CPU = Debug|Any CPU
		Release|Any CPU = Release|Any CPU
	EndGlobalSection
	GlobalSection(ProjectConfigurationPlatforms) = postSolution
		{763918C6-4F68-455F-B601-106BDD008A3F}.Debug|Any CPU.ActiveCfg = Debug|Any CPU
		{763918C6-4F68-455F-B601-106BDD008A3F}.Debug|Any CPU.Build.0 = Debug|Any CPU
		{763918C6-4F68-455F-B601-106BDD008A3F}.Release|Any CPU.ActiveCfg = Release|Any CPU
		{763918C6-4F68-455F-B601-106BDD008A3F}.Release|Any CPU.Build.0 = Release|Any CPU
	EndGlobalSection
	GlobalSection(SolutionProperties) = preSolution
		HideSolutionNode = FALSE
	EndGlobalSection
	GlobalSection(ExtensibilityGlobals) = postSolution
		SolutionGuid = {A3F403AE-831E-49DA-930A-EAFA157CEF99}
	EndGlobalSection
EndGlobal
